
Microsoft Visual Studio Solution File, Format Version 12.00
# Visual Studio Version 17
VisualStudioVersion = 17.9.34723.18
MinimumVisualStudioVersion = 10.0.40219.1
Project("{9A19103F-16F7-4668-BE54-9A1E7A4F7556}") = "Btec-Website", "Btec-Website.csproj", "{A846D1A8-56A7-4C65-84AC-7B6D8BF3A16A}"
EndProject
Global
	GlobalSection(SolutionConfigurationPlatforms) = preSolution
		Debug|Any CPU = Debug|Any CPU
		Release|Any CPU = Release|Any CPU
	EndGlobalSection
	GlobalSection(ProjectConfigurationPlatforms) = postSolution
		{A846D1A8-56A7-4C65-84AC-7B6D8BF3A16A}.Debug|Any CPU.ActiveCfg = Debug|Any CPU
		{A846D1A8-56A7-4C65-84AC-7B6D8BF3A16A}.Debug|Any CPU.Build.0 = Debug|Any CPU
		{A846D1A8-56A7-4C65-84AC-7B6D8BF3A16A}.Release|Any CPU.ActiveCfg = Release|Any CPU
		{A846D1A8-56A7-4C65-84AC-7B6D8BF3A16A}.Release|Any CPU.Build.0 = Release|Any CPU
	EndGlobalSection
	GlobalSection(SolutionProperties) = preSolution
		HideSolutionNode = FALSE
	EndGlobalSection
	GlobalSection(ExtensibilityGlobals) = postSolution
		SolutionGuid = {134D620D-3C19-41C3-98B0-0FC9FDD7F63C}
	EndGlobalSection
EndGlobal
